
Microsoft Visual Studio Solution File, Format Version 12.00
# Visual Studio Version 16
VisualStudioVersion = 16.0.31321.278
MinimumVisualStudioVersion = 10.0.40219.1
Project("{9A19103F-16F7-4668-BE54-9A1E7A4F7556}") = "Bul.Authority.Service", "Bul.Authority.Service\Bul.Authority.Service.csproj", "{C1BEE0D9-AC05-4D85-8401-AE59C25A4F1A}"
EndProject
Project("{9A19103F-16F7-4668-BE54-9A1E7A4F7556}") = "Bul.Authority.Entity", "Bul.Authority.Entity\Bul.Authority.Entity.csproj", "{BC7D5CD6-65D1-40B7-87A0-288156895B6B}"
EndProject
Project("{9A19103F-16F7-4668-BE54-9A1E7A4F7556}") = "Bul.Authority.Application", "Bul.Authority.Application\Bul.Authority.Application.csproj", "{AA1C9D76-EF76-4220-86E4-50FC171862E0}"
EndProject
Project("{9A19103F-16F7-4668-BE54-9A1E7A4F7556}") = "Bul.Authority.DBConnection", "Bul.Authority.DBConnection\Bul.Authority.DBConnection.csproj", "{70193962-DFF3-4F0F-8FD0-A4BE483FD102}"
EndProject
Project("{9A19103F-16F7-4668-BE54-9A1E7A4F7556}") = "Bul.System.Result", "Bul.System.Result\Bul.System.Result.csproj", "{8E85DDD3-7A3E-456F-B14C-B76AA97A9762}"
EndProject
Project("{9A19103F-16F7-4668-BE54-9A1E7A4F7556}") = "Bul.System.Extension", "Bul.System.Extension\Bul.System.Extension.csproj", "{3E10B0FB-DE63-4EDC-B9FC-1D94FDC5FC16}"
EndProject
Project("{9A19103F-16F7-4668-BE54-9A1E7A4F7556}") = "Bul.Authority.WebApi", "Bul.Authority.WebApi\Bul.Authority.WebApi.csproj", "{8BD08944-8A78-4E20-B56C-099571B7DDF7}"
EndProject
Project("{FAE04EC0-301F-11D3-BF4B-00C04F79EFBC}") = "Bul.System.Common", "Bul.System.Common\Bul.System.Common.csproj", "{FAAC6CBA-2205-4ED0-B584-72240BCA6F00}"
EndProject
Global
	GlobalSection(SolutionConfigurationPlatforms) = preSolution
		Debug|Any CPU = Debug|Any CPU
		Release|Any CPU = Release|Any CPU
	EndGlobalSection
	GlobalSection(ProjectConfigurationPlatforms) = postSolution
		{C1BEE0D9-AC05-4D85-8401-AE59C25A4F1A}.Debug|Any CPU.ActiveCfg = Debug|Any CPU
		{C1BEE0D9-AC05-4D85-8401-AE59C25A4F1A}.Debug|Any CPU.Build.0 = Debug|Any CPU
		{C1BEE0D9-AC05-4D85-8401-AE59C25A4F1A}.Release|Any CPU.ActiveCfg = Release|Any CPU
		{C1BEE0D9-AC05-4D85-8401-AE59C25A4F1A}.Release|Any CPU.Build.0 = Release|Any CPU
		{BC7D5CD6-65D1-40B7-87A0-288156895B6B}.Debug|Any CPU.ActiveCfg = Debug|Any CPU
		{BC7D5CD6-65D1-40B7-87A0-288156895B6B}.Debug|Any CPU.Build.0 = Debug|Any CPU
		{BC7D5CD6-65D1-40B7-87A0-288156895B6B}.Release|Any CPU.ActiveCfg = Release|Any CPU
		{BC7D5CD6-65D1-40B7-87A0-288156895B6B}.Release|Any CPU.Build.0 = Release|Any CPU
		{AA1C9D76-EF76-4220-86E4-50FC171862E0}.Debug|Any CPU.ActiveCfg = Debug|Any CPU
		{AA1C9D76-EF76-4220-86E4-50FC171862E0}.Debug|Any CPU.Build.0 = Debug|Any CPU
		{AA1C9D76-EF76-4220-86E4-50FC171862E0}.Release|Any CPU.ActiveCfg = Release|Any CPU
		{AA1C9D76-EF76-4220-86E4-50FC171862E0}.Release|Any CPU.Build.0 = Release|Any CPU
		{70193962-DFF3-4F0F-8FD0-A4BE483FD102}.Debug|Any CPU.ActiveCfg = Debug|Any CPU
		{70193962-DFF3-4F0F-8FD0-A4BE483FD102}.Debug|Any CPU.Build.0 = Debug|Any CPU
		{70193962-DFF3-4F0F-8FD0-A4BE483FD102}.Release|Any CPU.ActiveCfg = Release|Any CPU
		{70193962-DFF3-4F0F-8FD0-A4BE483FD102}.Release|Any CPU.Build.0 = Release|Any CPU
		{8E85DDD3-7A3E-456F-B14C-B76AA97A9762}.Debug|Any CPU.ActiveCfg = Debug|Any CPU
		{8E85DDD3-7A3E-456F-B14C-B76AA97A9762}.Debug|Any CPU.Build.0 = Debug|Any CPU
		{8E85DDD3-7A3E-456F-B14C-B76AA97A9762}.Release|Any CPU.ActiveCfg = Release|Any CPU
		{8E85DDD3-7A3E-456F-B14C-B76AA97A9762}.Release|Any CPU.Build.0 = Release|Any CPU
		{3E10B0FB-DE63-4EDC-B9FC-1D94FDC5FC16}.Debug|Any CPU.ActiveCfg = Debug|Any CPU
		{3E10B0FB-DE63-4EDC-B9FC-1D94FDC5FC16}.Debug|Any CPU.Build.0 = Debug|Any CPU
		{3E10B0FB-DE63-4EDC-B9FC-1D94FDC5FC16}.Release|Any CPU.ActiveCfg = Release|Any CPU
		{3E10B0FB-DE63-4EDC-B9FC-1D94FDC5FC16}.Release|Any CPU.Build.0 = Release|Any CPU
		{8BD08944-8A78-4E20-B56C-099571B7DDF7}.Debug|Any CPU.ActiveCfg = Debug|Any CPU
		{8BD08944-8A78-4E20-B56C-099571B7DDF7}.Debug|Any CPU.Build.0 = Debug|Any CPU
		{8BD08944-8A78-4E20-B56C-099571B7DDF7}.Release|Any CPU.ActiveCfg = Release|Any CPU
		{8BD08944-8A78-4E20-B56C-099571B7DDF7}.Release|Any CPU.Build.0 = Release|Any CPU
		{FAAC6CBA-2205-4ED0-B584-72240BCA6F00}.Debug|Any CPU.ActiveCfg = Debug|Any CPU
		{FAAC6CBA-2205-4ED0-B584-72240BCA6F00}.Debug|Any CPU.Build.0 = Debug|Any CPU
		{FAAC6CBA-2205-4ED0-B584-72240BCA6F00}.Release|Any CPU.ActiveCfg = Release|Any CPU
		{FAAC6CBA-2205-4ED0-B584-72240BCA6F00}.Release|Any CPU.Build.0 = Release|Any CPU
	EndGlobalSection
	GlobalSection(SolutionProperties) = preSolution
		HideSolutionNode = FALSE
	EndGlobalSection
	GlobalSection(ExtensibilityGlobals) = postSolution
		SolutionGuid = {FBC23648-16CC-49A8-AFD0-BB14584EB073}
	EndGlobalSection
EndGlobal
